
Microsoft Visual Studio Solution File, Format Version 12.00
# Visual Studio Version 17
VisualStudioVersion = 17.13.35931.197 d17.13
MinimumVisualStudioVersion = 10.0.40219.1
Project("{FAE04EC0-301F-11D3-BF4B-00C04F79EFBC}") = "DIMS", "DIMS.csproj", "{F040B8A2-2D63-48DA-9FDE-70E0F773E8E5}"
EndProject
Global
	GlobalSection(SolutionConfigurationPlatforms) = preSolution
		Debug|Any CPU = Debug|Any CPU
		Release|Any CPU = Release|Any CPU
	EndGlobalSection
	GlobalSection(ProjectConfigurationPlatforms) = postSolution
		{F040B8A2-2D63-48DA-9FDE-70E0F773E8E5}.Debug|Any CPU.ActiveCfg = Debug|Any CPU
		{F040B8A2-2D63-48DA-9FDE-70E0F773E8E5}.Debug|Any CPU.Build.0 = Debug|Any CPU
		{F040B8A2-2D63-48DA-9FDE-70E0F773E8E5}.Release|Any CPU.ActiveCfg = Release|Any CPU
		{F040B8A2-2D63-48DA-9FDE-70E0F773E8E5}.Release|Any CPU.Build.0 = Release|Any CPU
	EndGlobalSection
	GlobalSection(SolutionProperties) = preSolution
		HideSolutionNode = FALSE
	EndGlobalSection
	GlobalSection(ExtensibilityGlobals) = postSolution
		SolutionGuid = {78C9360A-16AE-4C1A-B0AB-1E5E96D366A2}
	EndGlobalSection
EndGlobal
